
Microsoft Visual Studio Solution File, Format Version 12.00
# Visual Studio Version 17
VisualStudioVersion = 17.10.35013.160
MinimumVisualStudioVersion = 10.0.40219.1
Project("{9A19103F-16F7-4668-BE54-9A1E7A4F7556}") = "Ex01", "Ex01\Ex01.csproj", "{23CB23BA-FC69-4C3E-831E-1E85837CEF4D}"
EndProject
Project("{9A19103F-16F7-4668-BE54-9A1E7A4F7556}") = "Ex02", "Ex02\Ex02.csproj", "{D7083B95-46CE-407B-A4F0-8DDA1F9AB21C}"
EndProject
Project("{9A19103F-16F7-4668-BE54-9A1E7A4F7556}") = "Ex03", "Ex03\Ex03.csproj", "{319099E1-1979-4923-81A4-969C88A71878}"
EndProject
Project("{9A19103F-16F7-4668-BE54-9A1E7A4F7556}") = "Ex04", "Ex04\Ex04.csproj", "{60A34C1C-125E-4293-9BC9-F36395496FBB}"
EndProject
Project("{9A19103F-16F7-4668-BE54-9A1E7A4F7556}") = "Ex05", "Ex05\Ex05.csproj", "{B284B867-66CD-4541-80FF-7F852585F7AD}"
EndProject
Project("{9A19103F-16F7-4668-BE54-9A1E7A4F7556}") = "Ex06", "Ex06\Ex06.csproj", "{42E74E0A-8976-4EBD-B5BF-76ED9A3B38D4}"
EndProject
Project("{9A19103F-16F7-4668-BE54-9A1E7A4F7556}") = "Ex07", "Ex07\Ex07.csproj", "{39C9A35C-1954-4FFC-B2E1-A30DB32C2C6E}"
EndProject
Project("{9A19103F-16F7-4668-BE54-9A1E7A4F7556}") = "Ex08", "Ex08\Ex08.csproj", "{42FA21D2-4997-4D5D-A861-D553E282ECBB}"
EndProject
Project("{9A19103F-16F7-4668-BE54-9A1E7A4F7556}") = "Ex09", "Ex09\Ex09.csproj", "{DC31E569-C1C8-4866-9B93-88D74117AAD0}"
EndProject
Project("{9A19103F-16F7-4668-BE54-9A1E7A4F7556}") = "Ex10", "Ex10\Ex10.csproj", "{7395C949-1C7A-41FC-A814-A35A580742F4}"
EndProject
Project("{9A19103F-16F7-4668-BE54-9A1E7A4F7556}") = "Ex11", "Ex11\Ex11.csproj", "{11130424-3CB1-4154-BA12-0649BD9D3A78}"
EndProject
Project("{9A19103F-16F7-4668-BE54-9A1E7A4F7556}") = "Ex12", "Ex12\Ex12.csproj", "{AE34501C-A31D-4A37-ADDC-951647ED6B34}"
EndProject
Project("{9A19103F-16F7-4668-BE54-9A1E7A4F7556}") = "Ex13", "Ex13\Ex13.csproj", "{763B6D78-5099-4468-9C9E-7E89F06C9C34}"
EndProject
Project("{9A19103F-16F7-4668-BE54-9A1E7A4F7556}") = "Ex14", "Ex14\Ex14.csproj", "{F35FE182-F2D1-4710-B6E5-012BD4D855A3}"
EndProject
Project("{9A19103F-16F7-4668-BE54-9A1E7A4F7556}") = "Ex15", "Ex15\Ex15.csproj", "{950D47F3-52F2-46D5-BA97-62EE8474460B}"
EndProject
Project("{9A19103F-16F7-4668-BE54-9A1E7A4F7556}") = "Ex16", "Ex16\Ex16.csproj", "{83E18A92-A199-4931-8F0F-1880E17E0E50}"
EndProject
Project("{9A19103F-16F7-4668-BE54-9A1E7A4F7556}") = "Ex17", "Ex17\Ex17.csproj", "{4D398B96-10DE-4BFC-9A80-299CF25765F5}"
EndProject
Project("{9A19103F-16F7-4668-BE54-9A1E7A4F7556}") = "Ex18", "Ex18\Ex18.csproj", "{EA41A0FA-1F0D-4DEB-B8FE-54F414ADD625}"
EndProject
Project("{FAE04EC0-301F-11D3-BF4B-00C04F79EFBC}") = "Exo19", "Exo19\Exo19.csproj", "{F834CA60-8B40-4894-B4E7-F15A45C3E9A5}"
EndProject
Project("{FAE04EC0-301F-11D3-BF4B-00C04F79EFBC}") = "Ex20", "Ex20\Ex20.csproj", "{4BF132B5-2B39-4540-816F-E7B78212FD6B}"
EndProject
Global
	GlobalSection(SolutionConfigurationPlatforms) = preSolution
		Debug|Any CPU = Debug|Any CPU
		Release|Any CPU = Release|Any CPU
	EndGlobalSection
	GlobalSection(ProjectConfigurationPlatforms) = postSolution
		{23CB23BA-FC69-4C3E-831E-1E85837CEF4D}.Debug|Any CPU.ActiveCfg = Debug|Any CPU
		{23CB23BA-FC69-4C3E-831E-1E85837CEF4D}.Debug|Any CPU.Build.0 = Debug|Any CPU
		{23CB23BA-FC69-4C3E-831E-1E85837CEF4D}.Release|Any CPU.ActiveCfg = Release|Any CPU
		{23CB23BA-FC69-4C3E-831E-1E85837CEF4D}.Release|Any CPU.Build.0 = Release|Any CPU
		{D7083B95-46CE-407B-A4F0-8DDA1F9AB21C}.Debug|Any CPU.ActiveCfg = Debug|Any CPU
		{D7083B95-46CE-407B-A4F0-8DDA1F9AB21C}.Debug|Any CPU.Build.0 = Debug|Any CPU
		{D7083B95-46CE-407B-A4F0-8DDA1F9AB21C}.Release|Any CPU.ActiveCfg = Release|Any CPU
		{D7083B95-46CE-407B-A4F0-8DDA1F9AB21C}.Release|Any CPU.Build.0 = Release|Any CPU
		{319099E1-1979-4923-81A4-969C88A71878}.Debug|Any CPU.ActiveCfg = Debug|Any CPU
		{319099E1-1979-4923-81A4-969C88A71878}.Debug|Any CPU.Build.0 = Debug|Any CPU
		{319099E1-1979-4923-81A4-969C88A71878}.Release|Any CPU.ActiveCfg = Release|Any CPU
		{319099E1-1979-4923-81A4-969C88A71878}.Release|Any CPU.Build.0 = Release|Any CPU
		{60A34C1C-125E-4293-9BC9-F36395496FBB}.Debug|Any CPU.ActiveCfg = Debug|Any CPU
		{60A34C1C-125E-4293-9BC9-F36395496FBB}.Debug|Any CPU.Build.0 = Debug|Any CPU
		{60A34C1C-125E-4293-9BC9-F36395496FBB}.Release|Any CPU.ActiveCfg = Release|Any CPU
		{60A34C1C-125E-4293-9BC9-F36395496FBB}.Release|Any CPU.Build.0 = Release|Any CPU
		{B284B867-66CD-4541-80FF-7F852585F7AD}.Debug|Any CPU.ActiveCfg = Debug|Any CPU
		{B284B867-66CD-4541-80FF-7F852585F7AD}.Debug|Any CPU.Build.0 = Debug|Any CPU
		{B284B867-66CD-4541-80FF-7F852585F7AD}.Release|Any CPU.ActiveCfg = Release|Any CPU
		{B284B867-66CD-4541-80FF-7F852585F7AD}.Release|Any CPU.Build.0 = Release|Any CPU
		{42E74E0A-8976-4EBD-B5BF-76ED9A3B38D4}.Debug|Any CPU.ActiveCfg = Debug|Any CPU
		{42E74E0A-8976-4EBD-B5BF-76ED9A3B38D4}.Debug|Any CPU.Build.0 = Debug|Any CPU
		{42E74E0A-8976-4EBD-B5BF-76ED9A3B38D4}.Release|Any CPU.ActiveCfg = Release|Any CPU
		{42E74E0A-8976-4EBD-B5BF-76ED9A3B38D4}.Release|Any CPU.Build.0 = Release|Any CPU
		{39C9A35C-1954-4FFC-B2E1-A30DB32C2C6E}.Debug|Any CPU.ActiveCfg = Debug|Any CPU
		{39C9A35C-1954-4FFC-B2E1-A30DB32C2C6E}.Debug|Any CPU.Build.0 = Debug|Any CPU
		{39C9A35C-1954-4FFC-B2E1-A30DB32C2C6E}.Release|Any CPU.ActiveCfg = Release|Any CPU
		{39C9A35C-1954-4FFC-B2E1-A30DB32C2C6E}.Release|Any CPU.Build.0 = Release|Any CPU
		{42FA21D2-4997-4D5D-A861-D553E282ECBB}.Debug|Any CPU.ActiveCfg = Debug|Any CPU
		{42FA21D2-4997-4D5D-A861-D553E282ECBB}.Debug|Any CPU.Build.0 = Debug|Any CPU
		{42FA21D2-4997-4D5D-A861-D553E282ECBB}.Release|Any CPU.ActiveCfg = Release|Any CPU
		{42FA21D2-4997-4D5D-A861-D553E282ECBB}.Release|Any CPU.Build.0 = Release|Any CPU
		{DC31E569-C1C8-4866-9B93-88D74117AAD0}.Debug|Any CPU.ActiveCfg = Debug|Any CPU
		{DC31E569-C1C8-4866-9B93-88D74117AAD0}.Debug|Any CPU.Build.0 = Debug|Any CPU
		{DC31E569-C1C8-4866-9B93-88D74117AAD0}.Release|Any CPU.ActiveCfg = Release|Any CPU
		{DC31E569-C1C8-4866-9B93-88D74117AAD0}.Release|Any CPU.Build.0 = Release|Any CPU
		{7395C949-1C7A-41FC-A814-A35A580742F4}.Debug|Any CPU.ActiveCfg = Debug|Any CPU
		{7395C949-1C7A-41FC-A814-A35A580742F4}.Debug|Any CPU.Build.0 = Debug|Any CPU
		{7395C949-1C7A-41FC-A814-A35A580742F4}.Release|Any CPU.ActiveCfg = Release|Any CPU
		{7395C949-1C7A-41FC-A814-A35A580742F4}.Release|Any CPU.Build.0 = Release|Any CPU
		{11130424-3CB1-4154-BA12-0649BD9D3A78}.Debug|Any CPU.ActiveCfg = Debug|Any CPU
		{11130424-3CB1-4154-BA12-0649BD9D3A78}.Debug|Any CPU.Build.0 = Debug|Any CPU
		{11130424-3CB1-4154-BA12-0649BD9D3A78}.Release|Any CPU.ActiveCfg = Release|Any CPU
		{11130424-3CB1-4154-BA12-0649BD9D3A78}.Release|Any CPU.Build.0 = Release|Any CPU
		{AE34501C-A31D-4A37-ADDC-951647ED6B34}.Debug|Any CPU.ActiveCfg = Debug|Any CPU
		{AE34501C-A31D-4A37-ADDC-951647ED6B34}.Debug|Any CPU.Build.0 = Debug|Any CPU
		{AE34501C-A31D-4A37-ADDC-951647ED6B34}.Release|Any CPU.ActiveCfg = Release|Any CPU
		{AE34501C-A31D-4A37-ADDC-951647ED6B34}.Release|Any CPU.Build.0 = Release|Any CPU
		{763B6D78-5099-4468-9C9E-7E89F06C9C34}.Debug|Any CPU.ActiveCfg = Debug|Any CPU
		{763B6D78-5099-4468-9C9E-7E89F06C9C34}.Debug|Any CPU.Build.0 = Debug|Any CPU
		{763B6D78-5099-4468-9C9E-7E89F06C9C34}.Release|Any CPU.ActiveCfg = Release|Any CPU
		{763B6D78-5099-4468-9C9E-7E89F06C9C34}.Release|Any CPU.Build.0 = Release|Any CPU
		{F35FE182-F2D1-4710-B6E5-012BD4D855A3}.Debug|Any CPU.ActiveCfg = Debug|Any CPU
		{F35FE182-F2D1-4710-B6E5-012BD4D855A3}.Debug|Any CPU.Build.0 = Debug|Any CPU
		{F35FE182-F2D1-4710-B6E5-012BD4D855A3}.Release|Any CPU.ActiveCfg = Release|Any CPU
		{F35FE182-F2D1-4710-B6E5-012BD4D855A3}.Release|Any CPU.Build.0 = Release|Any CPU
		{950D47F3-52F2-46D5-BA97-62EE8474460B}.Debug|Any CPU.ActiveCfg = Debug|Any CPU
		{950D47F3-52F2-46D5-BA97-62EE8474460B}.Debug|Any CPU.Build.0 = Debug|Any CPU
		{950D47F3-52F2-46D5-BA97-62EE8474460B}.Release|Any CPU.ActiveCfg = Release|Any CPU
		{950D47F3-52F2-46D5-BA97-62EE8474460B}.Release|Any CPU.Build.0 = Release|Any CPU
		{83E18A92-A199-4931-8F0F-1880E17E0E50}.Debug|Any CPU.ActiveCfg = Debug|Any CPU
		{83E18A92-A199-4931-8F0F-1880E17E0E50}.Debug|Any CPU.Build.0 = Debug|Any CPU
		{83E18A92-A199-4931-8F0F-1880E17E0E50}.Release|Any CPU.ActiveCfg = Release|Any CPU
		{83E18A92-A199-4931-8F0F-1880E17E0E50}.Release|Any CPU.Build.0 = Release|Any CPU
		{4D398B96-10DE-4BFC-9A80-299CF25765F5}.Debug|Any CPU.ActiveCfg = Debug|Any CPU
		{4D398B96-10DE-4BFC-9A80-299CF25765F5}.Debug|Any CPU.Build.0 = Debug|Any CPU
		{4D398B96-10DE-4BFC-9A80-299CF25765F5}.Release|Any CPU.ActiveCfg = Release|Any CPU
		{4D398B96-10DE-4BFC-9A80-299CF25765F5}.Release|Any CPU.Build.0 = Release|Any CPU
		{EA41A0FA-1F0D-4DEB-B8FE-54F414ADD625}.Debug|Any CPU.ActiveCfg = Debug|Any CPU
		{EA41A0FA-1F0D-4DEB-B8FE-54F414ADD625}.Debug|Any CPU.Build.0 = Debug|Any CPU
		{EA41A0FA-1F0D-4DEB-B8FE-54F414ADD625}.Release|Any CPU.ActiveCfg = Release|Any CPU
		{EA41A0FA-1F0D-4DEB-B8FE-54F414ADD625}.Release|Any CPU.Build.0 = Release|Any CPU
		{F834CA60-8B40-4894-B4E7-F15A45C3E9A5}.Debug|Any CPU.ActiveCfg = Debug|Any CPU
		{F834CA60-8B40-4894-B4E7-F15A45C3E9A5}.Debug|Any CPU.Build.0 = Debug|Any CPU
		{F834CA60-8B40-4894-B4E7-F15A45C3E9A5}.Release|Any CPU.ActiveCfg = Release|Any CPU
		{F834CA60-8B40-4894-B4E7-F15A45C3E9A5}.Release|Any CPU.Build.0 = Release|Any CPU
		{4BF132B5-2B39-4540-816F-E7B78212FD6B}.Debug|Any CPU.ActiveCfg = Debug|Any CPU
		{4BF132B5-2B39-4540-816F-E7B78212FD6B}.Debug|Any CPU.Build.0 = Debug|Any CPU
		{4BF132B5-2B39-4540-816F-E7B78212FD6B}.Release|Any CPU.ActiveCfg = Release|Any CPU
		{4BF132B5-2B39-4540-816F-E7B78212FD6B}.Release|Any CPU.Build.0 = Release|Any CPU
	EndGlobalSection
	GlobalSection(SolutionProperties) = preSolution
		HideSolutionNode = FALSE
	EndGlobalSection
	GlobalSection(ExtensibilityGlobals) = postSolution
		SolutionGuid = {55D3C706-E6F5-4917-A6BC-51AC1AB8FCD3}
	EndGlobalSection
EndGlobal
